version = 1
revision = 3
requires-python = ">=3.9, <4"

[[package]]
name = "annotated-types"
version = "0.6.0"
source = { registry = "https://pypi.org/simple" }
sdist = { url = "https://files.pythonhosted.org/packages/67/fe/8c7b275824c6d2cd17c93ee85d0ee81c090285b6d52f4876ccc47cf9c3c4/annotated_types-0.6.0.tar.gz", hash = "sha256:563339e807e53ffd9c267e99fc6d9ea23eb8443c08f112651963e24e22f84a5d", size = 14670, upload-time = "2023-10-06T18:53:19.389Z" }
wheels = [
    { url = "https://files.pythonhosted.org/packages/28/78/d31230046e58c207284c6b2c4e8d96e6d3cb4e52354721b944d3e1ee4aa5/annotated_types-0.6.0-py3-none-any.whl", hash = "sha256:0641064de18ba7a25dee8f96403ebc39113d0cb953a01429249d5c7564666a43", size = 12360, upload-time = "2023-10-06T18:53:18.027Z" },
]

[[package]]
name = "anyio"
version = "4.3.0"
source = { registry = "https://pypi.org/simple" }
dependencies = [
    { name = "exceptiongroup", marker = "python_full_version < '3.11'" },
    { name = "idna" },
    { name = "sniffio" },
    { name = "typing-extensions", marker = "python_full_version < '3.11'" },
]
sdist = { url = "https://files.pythonhosted.org/packages/db/4d/3970183622f0330d3c23d9b8a5f52e365e50381fd484d08e3285104333d3/anyio-4.3.0.tar.gz", hash = "sha256:f75253795a87df48568485fd18cdd2a3fa5c4f7c5be8e5e36637733fce06fed6", size = 159642, upload-time = "2024-02-19T08:36:28.641Z" }
wheels = [
    { url = "https://files.pythonhosted.org/packages/14/fd/2f20c40b45e4fb4324834aea24bd4afdf1143390242c0b33774da0e2e34f/anyio-4.3.0-py3-none-any.whl", hash = "sha256:048e05d0f6caeed70d731f3db756d35dcc1f35747c8c403364a8332c630441b8", size = 85584, upload-time = "2024-02-19T08:36:26.842Z" },
]

[[package]]
name = "click"
version = "8.1.7"
source = { registry = "https://pypi.org/simple" }
dependencies = [
    { name = "colorama", marker = "sys_platform == 'win32'" },
]
sdist = { url = "https://files.pythonhosted.org/packages/96/d3/f04c7bfcf5c1862a2a5b845c6b2b360488cf47af55dfa79c98f6a6bf98b5/click-8.1.7.tar.gz", hash = "sha256:ca9853ad459e787e2192211578cc907e7594e294c7ccc834310722b41b9ca6de", size = 336121, upload-time = "2023-08-17T17:29:11.868Z" }
wheels = [
    { url = "https://files.pythonhosted.org/packages/00/2e/d53fa4befbf2cfa713304affc7ca780ce4fc1fd8710527771b58311a3229/click-8.1.7-py3-none-any.whl", hash = "sha256:ae74fb96c20a0277a1d615f1e4d73c8414f5a98db8b799a7931d1582f3390c28", size = 97941, upload-time = "2023-08-17T17:29:10.08Z" },
]

[[package]]
name = "colorama"
version = "0.4.6"
source = { registry = "https://pypi.org/simple" }
sdist = { url = "https://files.pythonhosted.org/packages/d8/53/6f443c9a4a8358a93a6792e2acffb9d9d5cb0a5cfd8802644b7b1c9a02e4/colorama-0.4.6.tar.gz", hash = "sha256:08695f5cb7ed6e0531a20572697297273c47b8cae5a63ffc6d6ed5c201be6e44", size = 27697, upload-time = "2022-10-25T02:36:22.414Z" }
wheels = [
    { url = "https://files.pythonhosted.org/packages/d1/d6/3965ed04c63042e047cb6a3e6ed1a63a35087b6a609aa3a15ed8ac56c221/colorama-0.4.6-py2.py3-none-any.whl", hash = "sha256:4f1d9991f5acc0ca119f9d443620b77f9d6b33703e51011c16baf57afb285fc6", size = 25335, upload-time = "2022-10-25T02:36:20.889Z" },
]

[[package]]
name = "echo-rslv-xyz"
version = "0.2.1"
source = { editable = "." }
dependencies = [
    { name = "fastapi" },
]

[package.dev-dependencies]
dev = [
    { name = "pytest" },
    { name = "uvicorn" },
]

[package.metadata]
requires-dist = [{ name = "fastapi", specifier = ">=0.110.0,<0.111" }]

[package.metadata.requires-dev]
dev = [
    { name = "pytest", specifier = ">=8.1.1,<9" },
    { name = "uvicorn", specifier = ">=0.29.0,<0.30" },
]

[[package]]
name = "exceptiongroup"
version = "1.2.0"
source = { registry = "https://pypi.org/simple" }
sdist = { url = "https://files.pythonhosted.org/packages/8e/1c/beef724eaf5b01bb44b6338c8c3494eff7cab376fab4904cfbbc3585dc79/exceptiongroup-1.2.0.tar.gz", hash = "sha256:91f5c769735f051a4290d52edd0858999b57e5876e9f85937691bd4c9fa3ed68", size = 26264, upload-time = "2023-11-21T08:42:17.407Z" }
wheels = [
    { url = "https://files.pythonhosted.org/packages/b8/9a/5028fd52db10e600f1c4674441b968cf2ea4959085bfb5b99fb1250e5f68/exceptiongroup-1.2.0-py3-none-any.whl", hash = "sha256:4bfd3996ac73b41e9b9628b04e079f193850720ea5945fc96a08633c66912f14", size = 16210, upload-time = "2023-11-21T08:42:15.525Z" },
]

[[package]]
name = "fastapi"
version = "0.110.0"
source = { registry = "https://pypi.org/simple" }
dependencies = [
    { name = "pydantic" },
    { name = "starlette" },
    { name = "typing-extensions" },
]
sdist = { url = "https://files.pythonhosted.org/packages/61/53/326977db62bf34bbdfc64acb9414e1881af7ea14e8a062fd1c11a8697616/fastapi-0.110.0.tar.gz", hash = "sha256:266775f0dcc95af9d3ef39bad55cff525329a931d5fd51930aadd4f428bf7ff3", size = 11739266, upload-time = "2024-02-24T23:21:51.479Z" }
wheels = [
    { url = "https://files.pythonhosted.org/packages/f0/f7/ea860cb8aa18e326f411e32ab537424690a53db20de6bad73d70da611fae/fastapi-0.110.0-py3-none-any.whl", hash = "sha256:87a1f6fb632a218222c5984be540055346a8f5d8a68e8f6fb647b1dc9934de4b", size = 92066, upload-time = "2024-02-24T23:21:47.794Z" },
]

[[package]]
name = "h11"
version = "0.14.0"
source = { registry = "https://pypi.org/simple" }
sdist = { url = "https://files.pythonhosted.org/packages/f5/38/3af3d3633a34a3316095b39c8e8fb4853a28a536e55d347bd8d8e9a14b03/h11-0.14.0.tar.gz", hash = "sha256:8f19fbbe99e72420ff35c00b27a34cb9937e902a8b810e2c88300c6f0a3b699d", size = 100418, upload-time = "2022-09-25T15:40:01.519Z" }
wheels = [
    { url = "https://files.pythonhosted.org/packages/95/04/ff642e65ad6b90db43e668d70ffb6736436c7ce41fcc549f4e9472234127/h11-0.14.0-py3-none-any.whl", hash = "sha256:e3fe4ac4b851c468cc8363d500db52c2ead036020723024a109d37346efaa761", size = 58259, upload-time = "2022-09-25T15:39:59.68Z" },
]

[[package]]
name = "idna"
version = "3.6"
source = { registry = "https://pypi.org/simple" }
sdist = { url = "https://files.pythonhosted.org/packages/bf/3f/ea4b9117521a1e9c50344b909be7886dd00a519552724809bb1f486986c2/idna-3.6.tar.gz", hash = "sha256:9ecdbbd083b06798ae1e86adcbfe8ab1479cf864e4ee30fe4e46a003d12491ca", size = 175426, upload-time = "2023-11-25T15:40:54.902Z" }
wheels = [
    { url = "https://files.pythonhosted.org/packages/c2/e7/a82b05cf63a603df6e68d59ae6a68bf5064484a0718ea5033660af4b54a9/idna-3.6-py3-none-any.whl", hash = "sha256:c05567e9c24a6b9faaa835c4821bad0590fbb9d5779e7caa6e1cc4978e7eb24f", size = 61567, upload-time = "2023-11-25T15:40:52.604Z" },
]

[[package]]
name = "iniconfig"
version = "2.0.0"
source = { registry = "https://pypi.org/simple" }
sdist = { url = "https://files.pythonhosted.org/packages/d7/4b/cbd8e699e64a6f16ca3a8220661b5f83792b3017d0f79807cb8708d33913/iniconfig-2.0.0.tar.gz", hash = "sha256:2d91e135bf72d31a410b17c16da610a82cb55f6b0477d1a902134b24a455b8b3", size = 4646, upload-time = "2023-01-07T11:08:11.254Z" }
wheels = [
    { url = "https://files.pythonhosted.org/packages/ef/a6/62565a6e1cf69e10f5727360368e451d4b7f58beeac6173dc9db836a5b46/iniconfig-2.0.0-py3-none-any.whl", hash = "sha256:b6a85871a79d2e3b22d2d1b94ac2824226a63c6b741c88f7ae975f18b6778374", size = 5892, upload-time = "2023-01-07T11:08:09.864Z" },
]

[[package]]
name = "packaging"
version = "24.0"
source = { registry = "https://pypi.org/simple" }
sdist = { url = "https://files.pythonhosted.org/packages/ee/b5/b43a27ac7472e1818c4bafd44430e69605baefe1f34440593e0332ec8b4d/packaging-24.0.tar.gz", hash = "sha256:eb82c5e3e56209074766e6885bb04b8c38a0c015d0a30036ebe7ece34c9989e9", size = 147882, upload-time = "2024-03-10T09:39:28.33Z" }
wheels = [
    { url = "https://files.pythonhosted.org/packages/49/df/1fceb2f8900f8639e278b056416d49134fb8d84c5942ffaa01ad34782422/packaging-24.0-py3-none-any.whl", hash = "sha256:2ddfb553fdf02fb784c234c7ba6ccc288296ceabec964ad2eae3777778130bc5", size = 53488, upload-time = "2024-03-10T09:39:25.947Z" },
]

[[package]]
name = "pluggy"
version = "1.4.0"
source = { registry = "https://pypi.org/simple" }
sdist = { url = "https://files.pythonhosted.org/packages/54/c6/43f9d44d92aed815e781ca25ba8c174257e27253a94630d21be8725a2b59/pluggy-1.4.0.tar.gz", hash = "sha256:8c85c2876142a764e5b7548e7d9a0e0ddb46f5185161049a79b7e974454223be", size = 65812, upload-time = "2024-01-24T13:45:15.875Z" }
wheels = [
    { url = "https://files.pythonhosted.org/packages/a5/5b/0cc789b59e8cc1bf288b38111d002d8c5917123194d45b29dcdac64723cc/pluggy-1.4.0-py3-none-any.whl", hash = "sha256:7db9f7b503d67d1c5b95f59773ebb58a8c1c288129a88665838012cfb07b8981", size = 20120, upload-time = "2024-01-24T13:45:14.227Z" },
]

[[package]]
name = "pydantic"
version = "2.6.4"
source = { registry = "https://pypi.org/simple" }
dependencies = [
    { name = "annotated-types" },
    { name = "pydantic-core" },
    { name = "typing-extensions" },
]
sdist = { url = "https://files.pythonhosted.org/packages/4b/de/38b517edac45dd022e5d139aef06f9be4762ec2e16e2b14e1634ba28886b/pydantic-2.6.4.tar.gz", hash = "sha256:b1704e0847db01817624a6b86766967f552dd9dbf3afba4004409f908dcc84e6", size = 680828, upload-time = "2024-03-12T13:20:36.834Z" }
wheels = [
    { url = "https://files.pythonhosted.org/packages/e5/f3/8296f550276194a58c5500d55b19a27ae0a5a3a51ffef66710c58544b32d/pydantic-2.6.4-py3-none-any.whl", hash = "sha256:cc46fce86607580867bdc3361ad462bab9c222ef042d3da86f2fb333e1d916c5", size = 394911, upload-time = "2024-03-12T13:20:33.351Z" },
]

[[package]]
name = "pydantic-core"
version = "2.16.3"
source = { registry = "https://pypi.org/simple" }
dependencies = [
    { name = "typing-extensions" },
]
sdist = { url = "https://files.pythonhosted.org/packages/77/3f/65dbe5231946fe02b4e6ea92bc303d2462f45d299890fd5e8bfe4d1c3d66/pydantic_core-2.16.3.tar.gz", hash = "sha256:1cac689f80a3abab2d3c0048b29eea5751114054f032a941a32de4c852c59cad", size = 368930, upload-time = "2024-02-23T13:21:12.898Z" }
wheels = [
    { url = "https://files.pythonhosted.org/packages/87/07/7f0e613e287376a7a2673c31fa24e1891f750972290465bd2d8a73d1ba07/pydantic_core-2.16.3-cp310-cp310-macosx_10_12_x86_64.whl", hash = "sha256:75b81e678d1c1ede0785c7f46690621e4c6e63ccd9192af1f0bd9d504bbb6bf4", size = 1931805, upload-time = "2024-02-23T13:18:08.447Z" },
    { url = "https://files.pythonhosted.org/packages/b3/9b/bab93756eb12a10e3db425d5e6bd603aa7089e596202713020bbb91b00e4/pydantic_core-2.16.3-cp310-cp310-macosx_11_0_arm64.whl", hash = "sha256:9c865a7ee6f93783bd5d781af5a4c43dadc37053a5b42f7d18dc019f8c9d2bd1", size = 1738501, upload-time = "2024-02-23T13:18:11.063Z" },
    { url = "https://files.pythonhosted.org/packages/78/7e/e8d64c813b1a632c8d545b0208182361597973ad8a4f5082cc66dcdcef51/pydantic_core-2.16.3-cp310-cp310-manylinux_2_17_aarch64.manylinux2014_aarch64.whl", hash = "sha256:162e498303d2b1c036b957a1278fa0899d02b2842f1ff901b6395104c5554a45", size = 1890293, upload-time = "2024-02-23T13:18:13.556Z" },
    { url = "https://files.pythonhosted.org/packages/bc/e7/e387bf771fac18e41893dc7e08f07dc3e93143b1befebc7af71cbd847004/pydantic_core-2.16.3-cp310-cp310-manylinux_2_17_armv7l.manylinux2014_armv7l.whl", hash = "sha256:2f583bd01bbfbff4eaee0868e6fc607efdfcc2b03c1c766b06a707abbc856187", size = 1893472, upload-time = "2024-02-23T13:18:16.007Z" },
    { url = "https://files.pythonhosted.org/packages/62/c1/c0e7984c1e06d53dc48231f052699ba62ec97a1429413295f883c66bfda8/pydantic_core-2.16.3-cp310-cp310-manylinux_2_17_ppc64le.manylinux2014_ppc64le.whl", hash = "sha256:b926dd38db1519ed3043a4de50214e0d600d404099c3392f098a7f9d75029ff8", size = 2063451, upload-time = "2024-02-23T13:18:18.765Z" },
    { url = "https://files.pythonhosted.org/packages/d8/f1/831ee552713474daf89997b56f3c0e7157ad40fe599172b444750f50ca66/pydantic_core-2.16.3-cp310-cp310-manylinux_2_17_s390x.manylinux2014_s390x.whl", hash = "sha256:716b542728d4c742353448765aa7cdaa519a7b82f9564130e2b3f6766018c9ec", size = 3209412, upload-time = "2024-02-23T13:18:21.307Z" },
    { url = "https://files.pythonhosted.org/packages/b8/be/a3c2edde00afcf5cdc0fb710ce0289f5af776273f420b4486cf005c94b57/pydantic_core-2.16.3-cp310-cp310-manylinux_2_17_x86_64.manylinux2014_x86_64.whl", hash = "sha256:fc4ad7f7ee1a13d9cb49d8198cd7d7e3aa93e425f371a68235f784e99741561f", size = 2161281, upload-time = "2024-02-23T13:18:23.035Z" },
    { url = "https://files.pythonhosted.org/packages/f1/35/a081d16848d303abaf2fdd98c65b3da0593455e5867c61d211626b5e8139/pydantic_core-2.16.3-cp310-cp310-manylinux_2_5_i686.manylinux1_i686.whl", hash = "sha256:bd87f48924f360e5d1c5f770d6155ce0e7d83f7b4e10c2f9ec001c73cf475c99", size = 1967422, upload-time = "2024-02-23T13:18:25.554Z" },
    { url = "https://files.pythonhosted.org/packages/1d/fd/a59e201dc75125a91328e90b9156f31562c11075fffc9399cb9072a3a148/pydantic_core-2.16.3-cp310-cp310-musllinux_1_1_aarch64.whl", hash = "sha256:0df446663464884297c793874573549229f9eca73b59360878f382a0fc085979", size = 2064039, upload-time = "2024-02-23T13:18:27.361Z" },
    { url = "https://files.pythonhosted.org/packages/b5/d4/c26689ac08b4b935d11e395516403a7b77e68e94f4861300447d1b1c8de5/pydantic_core-2.16.3-cp310-cp310-musllinux_1_1_x86_64.whl", hash = "sha256:4df8a199d9f6afc5ae9a65f8f95ee52cae389a8c6b20163762bde0426275b7db", size = 2203259, upload-time = "2024-02-23T13:18:29.831Z" },
    { url = "https://files.pythonhosted.org/packages/16/c2/6ac75d6262c8fb44063e3a6ea2e9440fbe51fa2d5c82299dab2407fc519e/pydantic_core-2.16.3-cp310-none-win32.whl", hash = "sha256:456855f57b413f077dff513a5a28ed838dbbb15082ba00f80750377eed23d132", size = 1748744, upload-time = "2024-02-23T13:18:32.472Z" },
    { url = "https://files.pythonhosted.org/packages/ec/e8/49d65816802781451af7e758bdf9ff9d976a6b3959e1aab843da9931e89f/pydantic_core-2.16.3-cp310-none-win_amd64.whl", hash = "sha256:732da3243e1b8d3eab8c6ae23ae6a58548849d2e4a4e03a1924c8ddf71a387cb", size = 1881371, upload-time = "2024-02-23T13:18:34.484Z" },
    { url = "https://files.pythonhosted.org/packages/8e/c7/d89b2692eaaebadc9aa792a8e22f085b7fc7ed11f4cff791a9572c3fae3f/pydantic_core-2.16.3-cp311-cp311-macosx_10_12_x86_64.whl", hash = "sha256:519ae0312616026bf4cedc0fe459e982734f3ca82ee8c7246c19b650b60a5ee4", size = 1930272, upload-time = "2024-02-23T13:18:36.802Z" },
    { url = "https://files.pythonhosted.org/packages/ff/c7/e14e6ce2fe221d1046a7cc190b26b2bde2b1076d901154cdb8c20d88e6e0/pydantic_core-2.16.3-cp311-cp311-macosx_11_0_arm64.whl", hash = "sha256:b3992a322a5617ded0a9f23fd06dbc1e4bd7cf39bc4ccf344b10f80af58beacd", size = 1739032, upload-time = "2024-02-23T13:18:38.603Z" },
    { url = "https://files.pythonhosted.org/packages/d7/ce/666885ab07e5184825b081095071297057b77c9dccd62616bf5b85a26365/pydantic_core-2.16.3-cp311-cp311-manylinux_2_17_aarch64.manylinux2014_aarch64.whl", hash = "sha256:8d62da299c6ecb04df729e4b5c52dc0d53f4f8430b4492b93aa8de1f541c4aac", size = 1888422, upload-time = "2024-02-23T13:18:40.421Z" },
    { url = "https://files.pythonhosted.org/packages/54/18/7dd9308ad022d0b47b41f5506e179e563e7cf04a04d1574598e756c83b2a/pydantic_core-2.16.3-cp311-cp311-manylinux_2_17_armv7l.manylinux2014_armv7l.whl", hash = "sha256:2acca2be4bb2f2147ada8cac612f8a98fc09f41c89f87add7256ad27332c2fda", size = 1890735, upload-time = "2024-02-23T13:18:42.932Z" },
    { url = "https://files.pythonhosted.org/packages/ce/68/50bfcf8fc9e51a9ca7e914bfcf8902008511e63f9922694474161ed028b9/pydantic_core-2.16.3-cp311-cp311-manylinux_2_17_ppc64le.manylinux2014_ppc64le.whl", hash = "sha256:1b662180108c55dfbf1280d865b2d116633d436cfc0bba82323554873967b340", size = 2061840, upload-time = "2024-02-23T13:18:45.041Z" },
    { url = "https://files.pythonhosted.org/packages/9d/1a/b550381063265588e7c54ff56a642a725ac3bfbb3c8a5a08409ccac1e810/pydantic_core-2.16.3-cp311-cp311-manylinux_2_17_s390x.manylinux2014_s390x.whl", hash = "sha256:e7c6ed0dc9d8e65f24f5824291550139fe6f37fac03788d4580da0d33bc00c97", size = 3208682, upload-time = "2024-02-23T13:18:47.536Z" },
    { url = "https://files.pythonhosted.org/packages/18/0e/1e39cfbffa57e92ab9f1f0869b32ead8a48ab11e4a373421d625f25fcb26/pydantic_core-2.16.3-cp311-cp311-manylinux_2_17_x86_64.manylinux2014_x86_64.whl", hash = "sha256:a6b1bb0827f56654b4437955555dc3aeeebeddc47c2d7ed575477f082622c49e", size = 2158014, upload-time = "2024-02-23T13:18:49.527Z" },
    { url = "https://files.pythonhosted.org/packages/be/31/5f6b46d10f7624963630a38cf3ac97f5d62982000a656aa1976d2f84edbd/pydantic_core-2.16.3-cp311-cp311-manylinux_2_5_i686.manylinux1_i686.whl", hash = "sha256:e56f8186d6210ac7ece503193ec84104da7ceb98f68ce18c07282fcc2452e76f", size = 1966871, upload-time = "2024-02-23T13:18:51.137Z" },
    { url = "https://files.pythonhosted.org/packages/0d/84/5e157e382cf8e2a5854802211ab954662841a82e3d3b9ff1be08b3fd7298/pydantic_core-2.16.3-cp311-cp311-musllinux_1_1_aarch64.whl", hash = "sha256:936e5db01dd49476fa8f4383c259b8b1303d5dd5fb34c97de194560698cc2c5e", size = 2061086, upload-time = "2024-02-23T13:18:53.787Z" },
    { url = "https://files.pythonhosted.org/packages/fe/18/ced020e55c75cfc514957bbe8fefe61d591673098c4385c53bcad183928f/pydantic_core-2.16.3-cp311-cp311-musllinux_1_1_x86_64.whl", hash = "sha256:33809aebac276089b78db106ee692bdc9044710e26f24a9a2eaa35a0f9fa70ba", size = 2201691, upload-time = "2024-02-23T13:18:56.124Z" },
    { url = "https://files.pythonhosted.org/packages/24/4b/10799233b549858bd6a701ef2c849916d600a029d1f57e89c1ac9789486d/pydantic_core-2.16.3-cp311-none-win32.whl", hash = "sha256:ded1c35f15c9dea16ead9bffcde9bb5c7c031bff076355dc58dcb1cb436c4721", size = 1747835, upload-time = "2024-02-23T13:18:58.091Z" },
    { url = "https://files.pythonhosted.org/packages/2d/8a/6b16ba811d1b3499fa550a13913e0b053a15300d53fe1dd891e004c2dbd3/pydantic_core-2.16.3-cp311-none-win_amd64.whl", hash = "sha256:d89ca19cdd0dd5f31606a9329e309d4fcbb3df860960acec32630297d61820df", size = 1880959, upload-time = "2024-02-23T13:19:00.155Z" },
    { url = "https://files.pythonhosted.org/packages/79/14/9df1b494df26b53efd7b80502b2a5ebf497a68653ca316b8c85116b73a27/pydantic_core-2.16.3-cp311-none-win_arm64.whl", hash = "sha256:6162f8d2dc27ba21027f261e4fa26f8bcb3cf9784b7f9499466a311ac284b5b9", size = 1835157, upload-time = "2024-02-23T13:19:02.908Z" },
    { url = "https://files.pythonhosted.org/packages/03/c8/9afd3a316123806d7bff177beba7906ab9dd267845ae42f98f051d2250a0/pydantic_core-2.16.3-cp312-cp312-macosx_10_12_x86_64.whl", hash = "sha256:0f56ae86b60ea987ae8bcd6654a887238fd53d1384f9b222ac457070b7ac4cff", size = 1900858, upload-time = "2024-02-23T13:19:05.441Z" },
    { url = "https://files.pythonhosted.org/packages/e7/b2/b6eef8d0a914e44826785cc99cd7a1711c2eea2dfc69bc3aefc3be507234/pydantic_core-2.16.3-cp312-cp312-macosx_11_0_arm64.whl", hash = "sha256:c9bd22a2a639e26171068f8ebb5400ce2c1bc7d17959f60a3b753ae13c632975", size = 1710501, upload-time = "2024-02-23T13:19:07.407Z" },
    { url = "https://files.pythonhosted.org/packages/3c/82/b79a75a6f5b19f7f43b08671f6b818a335b5d970b9e50a39acd3f07aed32/pydantic_core-2.16.3-cp312-cp312-manylinux_2_17_aarch64.manylinux2014_aarch64.whl", hash = "sha256:4204e773b4b408062960e65468d5346bdfe139247ee5f1ca2a378983e11388a2", size = 1858820, upload-time = "2024-02-23T13:19:09.316Z" },
    { url = "https://files.pythonhosted.org/packages/60/7e/5bdb72aa8f1de0a0e38194dd261b5335747ef8d9bf3421fc960498442830/pydantic_core-2.16.3-cp312-cp312-manylinux_2_17_armv7l.manylinux2014_armv7l.whl", hash = "sha256:f651dd19363c632f4abe3480a7c87a9773be27cfe1341aef06e8759599454120", size = 1851491, upload-time = "2024-02-23T13:19:11.066Z" },
    { url = "https://files.pythonhosted.org/packages/d7/d9/b3d217a092bf23b143e59a691d61598c308386293c310ff6746a0c8ed6a5/pydantic_core-2.16.3-cp312-cp312-manylinux_2_17_ppc64le.manylinux2014_ppc64le.whl", hash = "sha256:aaf09e615a0bf98d406657e0008e4a8701b11481840be7d31755dc9f97c44053", size = 2046483, upload-time = "2024-02-23T13:19:13.326Z" },
    { url = "https://files.pythonhosted.org/packages/54/c0/7ecafb2dad658078bf28e4045a29a7b2de76319ebbc8cf7ef177d17e4d9e/pydantic_core-2.16.3-cp312-cp312-manylinux_2_17_s390x.manylinux2014_s390x.whl", hash = "sha256:8e47755d8152c1ab5b55928ab422a76e2e7b22b5ed8e90a7d584268dd49e9c6b", size = 2937056, upload-time = "2024-02-23T13:19:15.256Z" },
    { url = "https://files.pythonhosted.org/packages/dc/df/cd1cdd79a307c06fbea11be2cd8f361604b82f9b28c7712bd1220c44f226/pydantic_core-2.16.3-cp312-cp312-manylinux_2_17_x86_64.manylinux2014_x86_64.whl", hash = "sha256:500960cb3a0543a724a81ba859da816e8cf01b0e6aaeedf2c3775d12ee49cade", size = 2156558, upload-time = "2024-02-23T13:19:17.068Z" },
    { url = "https://files.pythonhosted.org/packages/7c/6e/3c188b11eef09d15702f3808bf6d0b2828a4268fb4be19ac7a2ef4f6a8c7/pydantic_core-2.16.3-cp312-cp312-manylinux_2_5_i686.manylinux1_i686.whl", hash = "sha256:cf6204fe865da605285c34cf1172879d0314ff267b1c35ff59de7154f35fdc2e", size = 1926070, upload-time = "2024-02-23T13:19:18.786Z" },
    { url = "https://files.pythonhosted.org/packages/46/28/cb10d96904bd7483a6237855e427876e72c369ec100d6c946d468257bbb8/pydantic_core-2.16.3-cp312-cp312-musllinux_1_1_aarch64.whl", hash = "sha256:d33dd21f572545649f90c38c227cc8631268ba25c460b5569abebdd0ec5974ca", size = 2034580, upload-time = "2024-02-23T13:19:20.72Z" },
    { url = "https://files.pythonhosted.org/packages/af/9b/3eb4c9dc8712543424b1731c44d3597f56ed4be3bdfbec3f9a45111b774a/pydantic_core-2.16.3-cp312-cp312-musllinux_1_1_x86_64.whl", hash = "sha256:49d5d58abd4b83fb8ce763be7794d09b2f50f10aa65c0f0c1696c677edeb7cbf", size = 2167261, upload-time = "2024-02-23T13:19:22.702Z" },
    { url = "https://files.pythonhosted.org/packages/d5/a2/e320fd95c61c7420908b318a74f76f562a8434180c3e60fa880b3c2d4338/pydantic_core-2.16.3-cp312-none-win32.whl", hash = "sha256:f53aace168a2a10582e570b7736cc5bef12cae9cf21775e3eafac597e8551fbe", size = 1755601, upload-time = "2024-02-23T13:19:25.036Z" },
    { url = "https://files.pythonhosted.org/packages/21/58/88e734fd2e5bd894e3eccd41be3169b8292e820ef82337f17ec4291c0668/pydantic_core-2.16.3-cp312-none-win_amd64.whl", hash = "sha256:0d32576b1de5a30d9a97f300cc6a3f4694c428d956adbc7e6e2f9cad279e45ed", size = 1867737, upload-time = "2024-02-23T13:19:27.785Z" },
    { url = "https://files.pythonhosted.org/packages/42/cb/c44678e6f3b517bd89beebc2bd0afc440674b9820d008ef3d0fac482476a/pydantic_core-2.16.3-cp312-none-win_arm64.whl", hash = "sha256:ec08be75bb268473677edb83ba71e7e74b43c008e4a7b1907c6d57e940bf34b6", size = 1848305, upload-time = "2024-02-23T13:19:29.998Z" },
    { url = "https://files.pythonhosted.org/packages/8e/a4/00f38508c29cb7256388dc5c08bbb105f626d47a50c1be69521109b87d5e/pydantic_core-2.16.3-cp39-cp39-macosx_10_12_x86_64.whl", hash = "sha256:bda1ee3e08252b8d41fa5537413ffdddd58fa73107171a126d3b9ff001b9b820", size = 1931909, upload-time = "2024-02-23T13:19:59.646Z" },
    { url = "https://files.pythonhosted.org/packages/90/49/a8b478aaccd9cf9e93b2c492695fe626d376b32f0c5fad5431ed92e8ef25/pydantic_core-2.16.3-cp39-cp39-macosx_11_0_arm64.whl", hash = "sha256:21b888c973e4f26b7a96491c0965a8a312e13be108022ee510248fe379a5fa23", size = 1818006, upload-time = "2024-02-23T13:20:03.387Z" },
    { url = "https://files.pythonhosted.org/packages/94/18/56735aa19a265916684cda6b77c716ff51a37d4cba79685853d0203cc928/pydantic_core-2.16.3-cp39-cp39-manylinux_2_17_aarch64.manylinux2014_aarch64.whl", hash = "sha256:be0ec334369316fa73448cc8c982c01e5d2a81c95969d58b8f6e272884df0074", size = 1891234, upload-time = "2024-02-23T13:20:06.724Z" },
    { url = "https://files.pythonhosted.org/packages/63/5a/c38280dff597924f0962195bbb11318d710271e76f12661f8a4de3f9738f/pydantic_core-2.16.3-cp39-cp39-manylinux_2_17_armv7l.manylinux2014_armv7l.whl", hash = "sha256:b5b6079cc452a7c53dd378c6f881ac528246b3ac9aae0f8eef98498a75657805", size = 1893904, upload-time = "2024-02-23T13:20:08.895Z" },
    { url = "https://files.pythonhosted.org/packages/3a/49/895d128c60d6af044c3c0d6a6850fd3bae35d07d2ab5bd03ab7364429eb2/pydantic_core-2.16.3-cp39-cp39-manylinux_2_17_ppc64le.manylinux2014_ppc64le.whl", hash = "sha256:7ee8d5f878dccb6d499ba4d30d757111847b6849ae07acdd1205fffa1fc1253c", size = 2063834, upload-time = "2024-02-23T13:20:11.526Z" },
    { url = "https://files.pythonhosted.org/packages/37/c7/d006cca0650d39b887489f5b0c62c767d6614d2eceef12b378e25f0f68ec/pydantic_core-2.16.3-cp39-cp39-manylinux_2_17_s390x.manylinux2014_s390x.whl", hash = "sha256:7233d65d9d651242a68801159763d09e9ec96e8a158dbf118dc090cd77a104c9", size = 3209722, upload-time = "2024-02-23T13:20:14.237Z" },
    { url = "https://files.pythonhosted.org/packages/8d/0c/91c3a51e5bd1480e1799322392d52f2c3164277051c9b22d581f2a85bbcc/pydantic_core-2.16.3-cp39-cp39-manylinux_2_17_x86_64.manylinux2014_x86_64.whl", hash = "sha256:c6119dc90483a5cb50a1306adb8d52c66e447da88ea44f323e0ae1a5fcb14256", size = 2161774, upload-time = "2024-02-23T13:20:16.736Z" },
    { url = "https://files.pythonhosted.org/packages/59/7b/de628f7afabf4c0d5cd3bbc871b90843c08b3ca1a5d3e465f70428c7eaab/pydantic_core-2.16.3-cp39-cp39-manylinux_2_5_i686.manylinux1_i686.whl", hash = "sha256:578114bc803a4c1ff9946d977c221e4376620a46cf78da267d946397dc9514a8", size = 1967733, upload-time = "2024-02-23T13:20:19.541Z" },
    { url = "https://files.pythonhosted.org/packages/7d/d2/66392daf79515c506a1742f935d01861b945e023dcfc5c8cea14bd6aa6c1/pydantic_core-2.16.3-cp39-cp39-musllinux_1_1_aarch64.whl", hash = "sha256:d8f99b147ff3fcf6b3cc60cb0c39ea443884d5559a30b1481e92495f2310ff2b", size = 2063978, upload-time = "2024-02-23T13:20:22.15Z" },
    { url = "https://files.pythonhosted.org/packages/4c/59/98f7929c35df068b872070bdb257404a60d5ddc8dabb9ac06af079576acd/pydantic_core-2.16.3-cp39-cp39-musllinux_1_1_x86_64.whl", hash = "sha256:4ac6b4ce1e7283d715c4b729d8f9dab9627586dafce81d9eaa009dd7f25dd972", size = 2203636, upload-time = "2024-02-23T13:20:24.782Z" },
    { url = "https://files.pythonhosted.org/packages/fb/71/0aa7ceaaeb4cc85a0ad8003069d15b685480812b5740b185ec10f7c85b35/pydantic_core-2.16.3-cp39-none-win32.whl", hash = "sha256:e7774b570e61cb998490c5235740d475413a1f6de823169b4cf94e2fe9e9f6b2", size = 1749093, upload-time = "2024-02-23T13:20:27.18Z" },
    { url = "https://files.pythonhosted.org/packages/e2/f0/b71cdaa7e4d3eb914652c1ef4149dda9bf252eab5f36bb0ffb7a9debba8f/pydantic_core-2.16.3-cp39-none-win_amd64.whl", hash = "sha256:9091632a25b8b87b9a605ec0e61f241c456e9248bfdcf7abdf344fdb169c81cf", size = 1881675, upload-time = "2024-02-23T13:20:30.338Z" },
    { url = "https://files.pythonhosted.org/packages/51/b2/ecf41e6e365c946145a4e88efa7e60e6c1173cb93e1cb3a107166bb09efc/pydantic_core-2.16.3-pp310-pypy310_pp73-macosx_10_12_x86_64.whl", hash = "sha256:36fa178aacbc277bc6b62a2c3da95226520da4f4e9e206fdf076484363895d2c", size = 1913218, upload-time = "2024-02-23T13:20:32.838Z" },
    { url = "https://files.pythonhosted.org/packages/7a/48/6853dfcf23693ac14af1ff381e17f318c2ef381db1fedb157b30fd540644/pydantic_core-2.16.3-pp310-pypy310_pp73-macosx_11_0_arm64.whl", hash = "sha256:dcca5d2bf65c6fb591fff92da03f94cd4f315972f97c21975398bd4bd046854a", size = 1804020, upload-time = "2024-02-23T13:20:35.02Z" },
    { url = "https://files.pythonhosted.org/packages/10/72/7574e1ef407fde0aa70fc02acdd09ea791366f69194827096a7072fa88a0/pydantic_core-2.16.3-pp310-pypy310_pp73-manylinux_2_17_aarch64.manylinux2014_aarch64.whl", hash = "sha256:2a72fb9963cba4cd5793854fd12f4cfee731e86df140f59ff52a49b3552db241", size = 1878407, upload-time = "2024-02-23T13:20:37.281Z" },
    { url = "https://files.pythonhosted.org/packages/39/ac/bb3fe0960707ba7ef18eb242ca193df59bc7eec925adbda1dc28df723c03/pydantic_core-2.16.3-pp310-pypy310_pp73-manylinux_2_17_x86_64.manylinux2014_x86_64.whl", hash = "sha256:b60cc1a081f80a2105a59385b92d82278b15d80ebb3adb200542ae165cd7d183", size = 2018598, upload-time = "2024-02-23T13:20:39.606Z" },
    { url = "https://files.pythonhosted.org/packages/4e/08/cf75dd8f8a87220f428cd03023369c9645a6005f88f9bf423cfa1825f746/pydantic_core-2.16.3-pp310-pypy310_pp73-manylinux_2_5_i686.manylinux1_i686.whl", hash = "sha256:cbcc558401de90a746d02ef330c528f2e668c83350f045833543cd57ecead1ad", size = 1957665, upload-time = "2024-02-23T13:20:42.807Z" },
    { url = "https://files.pythonhosted.org/packages/d1/43/430e8a0be9dfec1ff9fb7f2289da9bd684fdb8d15796888a53b540c5e3d6/pydantic_core-2.16.3-pp310-pypy310_pp73-musllinux_1_1_aarch64.whl", hash = "sha256:fee427241c2d9fb7192b658190f9f5fd6dfe41e02f3c1489d2ec1e6a5ab1e04a", size = 2053787, upload-time = "2024-02-23T13:20:44.971Z" },
    { url = "https://files.pythonhosted.org/packages/62/0a/f4c40eccecd08677b3b7b96dc87c6705a56f546c2a5404241de01ffa9da9/pydantic_core-2.16.3-pp310-pypy310_pp73-musllinux_1_1_x86_64.whl", hash = "sha256:f4cb85f693044e0f71f394ff76c98ddc1bc0953e48c061725e540396d5c8a2e1", size = 2196372, upload-time = "2024-02-23T13:20:47.597Z" },
    { url = "https://files.pythonhosted.org/packages/bf/0d/a89b264c30e7190dba7a09c67859133ab0366ed34028e40fc2aeb8884889/pydantic_core-2.16.3-pp310-pypy310_pp73-win_amd64.whl", hash = "sha256:b29eeb887aa931c2fcef5aa515d9d176d25006794610c264ddc114c053bf96fe", size = 2012720, upload-time = "2024-02-23T13:20:49.737Z" },
    { url = "https://files.pythonhosted.org/packages/1e/d6/64d0b9569d8d176d1df5ff74e87aaf460093a57f93bae2aa4140c015cbab/pydantic_core-2.16.3-pp39-pypy39_pp73-macosx_10_12_x86_64.whl", hash = "sha256:a425479ee40ff021f8216c9d07a6a3b54b31c8267c6e17aa88b70d7ebd0e5e5b", size = 1913218, upload-time = "2024-02-23T13:20:51.875Z" },
    { url = "https://files.pythonhosted.org/packages/21/af/ff8366baf078e9b14fb780c004d1a5bf00d2c4fee3d04319991a66ace636/pydantic_core-2.16.3-pp39-pypy39_pp73-macosx_11_0_arm64.whl", hash = "sha256:5c5cbc703168d1b7a838668998308018a2718c2130595e8e190220238addc96f", size = 1803962, upload-time = "2024-02-23T13:20:54.891Z" },
    { url = "https://files.pythonhosted.org/packages/51/98/22a3052e4fc2189c3eda813eaad173139963cc84dfded0cc0695282f68aa/pydantic_core-2.16.3-pp39-pypy39_pp73-manylinux_2_17_aarch64.manylinux2014_aarch64.whl", hash = "sha256:99b6add4c0b39a513d323d3b93bc173dac663c27b99860dd5bf491b240d26137", size = 1878432, upload-time = "2024-02-23T13:20:57.173Z" },
    { url = "https://files.pythonhosted.org/packages/9a/d8/7bd2fdf14e33ab0c16f45c4099917f30b37ad206bb2e0f6bb1b2d9c0f395/pydantic_core-2.16.3-pp39-pypy39_pp73-manylinux_2_17_x86_64.manylinux2014_x86_64.whl", hash = "sha256:75f76ee558751746d6a38f89d60b6228fa174e5172d143886af0f85aa306fd89", size = 2018611, upload-time = "2024-02-23T13:20:59.402Z" },
    { url = "https://files.pythonhosted.org/packages/b2/b4/7b0b21e39542db4abeb9a3470c4dfa528e5131ae1c5f487bfe46e60284f2/pydantic_core-2.16.3-pp39-pypy39_pp73-manylinux_2_5_i686.manylinux1_i686.whl", hash = "sha256:00ee1c97b5364b84cb0bd82e9bbf645d5e2871fb8c58059d158412fee2d33d8a", size = 1957664, upload-time = "2024-02-23T13:21:02.145Z" },
    { url = "https://files.pythonhosted.org/packages/41/d4/484a806ce1108c531e1ebfc08cd6d08e42b879c4dc54121309f6fa52c1dc/pydantic_core-2.16.3-pp39-pypy39_pp73-musllinux_1_1_aarch64.whl", hash = "sha256:287073c66748f624be4cef893ef9174e3eb88fe0b8a78dc22e88eca4bc357ca6", size = 2053773, upload-time = "2024-02-23T13:21:04.924Z" },
    { url = "https://files.pythonhosted.org/packages/5b/ff/8d5c1b17206098a92e57751c4fea3cefa6c3f215a32765faadce832012d1/pydantic_core-2.16.3-pp39-pypy39_pp73-musllinux_1_1_x86_64.whl", hash = "sha256:ed25e1835c00a332cb10c683cd39da96a719ab1dfc08427d476bce41b92531fc", size = 2196308, upload-time = "2024-02-23T13:21:07.865Z" },
    { url = "https://files.pythonhosted.org/packages/7b/06/086c3250a9be321ab6c90f19e1c18f3bb8b090612b8c4a2bd4171ef81a4c/pydantic_core-2.16.3-pp39-pypy39_pp73-win_amd64.whl", hash = "sha256:86b3d0033580bd6bbe07590152007275bd7af95f98eaa5bd36f3da219dcd93da", size = 2012710, upload-time = "2024-02-23T13:21:10.451Z" },
]

[[package]]
name = "pytest"
version = "8.1.1"
source = { registry = "https://pypi.org/simple" }
dependencies = [
    { name = "colorama", marker = "sys_platform == 'win32'" },
    { name = "exceptiongroup", marker = "python_full_version < '3.11'" },
    { name = "iniconfig" },
    { name = "packaging" },
    { name = "pluggy" },
    { name = "tomli", marker = "python_full_version < '3.11'" },
]
sdist = { url = "https://files.pythonhosted.org/packages/30/b7/7d44bbc04c531dcc753056920e0988032e5871ac674b5a84cb979de6e7af/pytest-8.1.1.tar.gz", hash = "sha256:ac978141a75948948817d360297b7aae0fcb9d6ff6bc9ec6d514b85d5a65c044", size = 1409703, upload-time = "2024-03-09T11:51:08.012Z" }
wheels = [
    { url = "https://files.pythonhosted.org/packages/4d/7e/c79cecfdb6aa85c6c2e3cf63afc56d0f165f24f5c66c03c695c4d9b84756/pytest-8.1.1-py3-none-any.whl", hash = "sha256:2a8386cfc11fa9d2c50ee7b2a57e7d898ef90470a7a34c4b949ff59662bb78b7", size = 337359, upload-time = "2024-03-09T11:51:04.858Z" },
]

[[package]]
name = "sniffio"
version = "1.3.1"
source = { registry = "https://pypi.org/simple" }
sdist = { url = "https://files.pythonhosted.org/packages/a2/87/a6771e1546d97e7e041b6ae58d80074f81b7d5121207425c964ddf5cfdbd/sniffio-1.3.1.tar.gz", hash = "sha256:f4324edc670a0f49750a81b895f35c3adb843cca46f0530f79fc1babb23789dc", size = 20372, upload-time = "2024-02-25T23:20:04.057Z" }
wheels = [
    { url = "https://files.pythonhosted.org/packages/e9/44/75a9c9421471a6c4805dbf2356f7c181a29c1879239abab1ea2cc8f38b40/sniffio-1.3.1-py3-none-any.whl", hash = "sha256:2f6da418d1f1e0fddd844478f41680e794e6051915791a034ff65e5f100525a2", size = 10235, upload-time = "2024-02-25T23:20:01.196Z" },
]

[[package]]
name = "starlette"
version = "0.36.3"
source = { registry = "https://pypi.org/simple" }
dependencies = [
    { name = "anyio" },
    { name = "typing-extensions", marker = "python_full_version < '3.10'" },
]
sdist = { url = "https://files.pythonhosted.org/packages/be/47/1bba49d42d63f4453f0a64a20acbf2d0bd2f5a8cde6a166ee66c074a08f8/starlette-0.36.3.tar.gz", hash = "sha256:90a671733cfb35771d8cc605e0b679d23b992f8dcfad48cc60b38cb29aeb7080", size = 2842113, upload-time = "2024-02-04T18:16:24.95Z" }
wheels = [
    { url = "https://files.pythonhosted.org/packages/eb/f7/372e3953b6e6fbfe0b70a1bb52612eae16e943f4288516480860fcd4ac41/starlette-0.36.3-py3-none-any.whl", hash = "sha256:13d429aa93a61dc40bf503e8c801db1f1bca3dc706b10ef2434a36123568f044", size = 71481, upload-time = "2024-02-04T18:16:21.392Z" },
]

[[package]]
name = "tomli"
version = "2.0.1"
source = { registry = "https://pypi.org/simple" }
sdist = { url = "https://files.pythonhosted.org/packages/c0/3f/d7af728f075fb08564c5949a9c95e44352e23dee646869fa104a3b2060a3/tomli-2.0.1.tar.gz", hash = "sha256:de526c12914f0c550d15924c62d72abc48d6fe7364aa87328337a31007fe8a4f", size = 15164, upload-time = "2022-02-08T10:54:04.006Z" }
wheels = [
    { url = "https://files.pythonhosted.org/packages/97/75/10a9ebee3fd790d20926a90a2547f0bf78f371b2f13aa822c759680ca7b9/tomli-2.0.1-py3-none-any.whl", hash = "sha256:939de3e7a6161af0c887ef91b7d41a53e7c5a1ca976325f429cb46ea9bc30ecc", size = 12757, upload-time = "2022-02-08T10:54:02.017Z" },
]

[[package]]
name = "typing-extensions"
version = "4.10.0"
source = { registry = "https://pypi.org/simple" }
sdist = { url = "https://files.pythonhosted.org/packages/16/3a/0d26ce356c7465a19c9ea8814b960f8a36c3b0d07c323176620b7b483e44/typing_extensions-4.10.0.tar.gz", hash = "sha256:b0abd7c89e8fb96f98db18d86106ff1d90ab692004eb746cf6eda2682f91b3cb", size = 77558, upload-time = "2024-02-25T22:12:49.693Z" }
wheels = [
    { url = "https://files.pythonhosted.org/packages/f9/de/dc04a3ea60b22624b51c703a84bbe0184abcd1d0b9bc8074b5d6b7ab90bb/typing_extensions-4.10.0-py3-none-any.whl", hash = "sha256:69b1a937c3a517342112fb4c6df7e72fc39a38e7891a5730ed4985b5214b5475", size = 33926, upload-time = "2024-02-25T22:12:47.72Z" },
]

[[package]]
name = "uvicorn"
version = "0.29.0"
source = { registry = "https://pypi.org/simple" }
dependencies = [
    { name = "click" },
    { name = "h11" },
    { name = "typing-extensions", marker = "python_full_version < '3.11'" },
]
sdist = { url = "https://files.pythonhosted.org/packages/49/8d/5005d39cd79c9ae87baf7d7aafdcdfe0b13aa69d9a1e3b7f1c984a2ac6d2/uvicorn-0.29.0.tar.gz", hash = "sha256:6a69214c0b6a087462412670b3ef21224fa48cae0e452b5883e8e8bdfdd11dd0", size = 40894, upload-time = "2024-03-20T06:43:25.747Z" }
wheels = [
    { url = "https://files.pythonhosted.org/packages/73/f5/cbb16fcbe277c1e0b8b3ddd188f2df0e0947f545c49119b589643632d156/uvicorn-0.29.0-py3-none-any.whl", hash = "sha256:2c2aac7ff4f4365c206fd773a39bf4ebd1047c238f8b8268ad996829323473de", size = 60813, upload-time = "2024-03-20T06:43:21.841Z" },
]
